
Microsoft Visual Studio Solution File, Format Version 12.00
# Visual Studio Version 16
VisualStudioVersion = 16.0.30717.126
MinimumVisualStudioVersion = 10.0.40219.1
Project("{FAE04EC0-301F-11D3-BF4B-00C04F79EFBC}") = "ConsoleAppClassTest", "ConsoleAppClassTest\ConsoleAppClassTest.csproj", "{35529B6A-8838-4825-9CC7-C6131BA85A24}"
EndProject
Global
	GlobalSection(SolutionConfigurationPlatforms) = preSolution
		Debug|Any CPU = Debug|Any CPU
		Release|Any CPU = Release|Any CPU
	EndGlobalSection
	GlobalSection(ProjectConfigurationPlatforms) = postSolution
		{35529B6A-8838-4825-9CC7-C6131BA85A24}.Debug|Any CPU.ActiveCfg = Debug|Any CPU
		{35529B6A-8838-4825-9CC7-C6131BA85A24}.Debug|Any CPU.Build.0 = Debug|Any CPU
		{35529B6A-8838-4825-9CC7-C6131BA85A24}.Release|Any CPU.ActiveCfg = Release|Any CPU
		{35529B6A-8838-4825-9CC7-C6131BA85A24}.Release|Any CPU.Build.0 = Release|Any CPU
	EndGlobalSection
	GlobalSection(SolutionProperties) = preSolution
		HideSolutionNode = FALSE
	EndGlobalSection
	GlobalSection(ExtensibilityGlobals) = postSolution
		SolutionGuid = {A01BFC49-EAC2-4A38-B948-BB8B2AC2927D}
	EndGlobalSection
EndGlobal
